
Microsoft Visual Studio Solution File, Format Version 12.00
# Visual Studio Version 16
VisualStudioVersion = 16.0.31205.134
MinimumVisualStudioVersion = 10.0.40219.1
Project("{FAE04EC0-301F-11D3-BF4B-00C04F79EFBC}") = "WebApiTest", "WebApiTest\WebApiTest.csproj", "{7A373F24-D23F-41DB-8C86-3C5B09467ACD}"
EndProject
Project("{FAE04EC0-301F-11D3-BF4B-00C04F79EFBC}") = "WebApiTest.Tests", "WebApiTest.Tests\WebApiTest.Tests.csproj", "{75B6DA85-4D01-49B2-A822-8E0C4FB21AF1}"
EndProject
Project("{FAE04EC0-301F-11D3-BF4B-00C04F79EFBC}") = "InterceptDemo", "InterceptDemo\InterceptDemo.csproj", "{89620DB7-0074-407E-82F8-D455F24FD584}"
EndProject
Project("{FAE04EC0-301F-11D3-BF4B-00C04F79EFBC}") = "EFCore", "EFCore\EFCore.csproj", "{DDF99D37-303C-4F65-B2F4-EADC6508FF80}"
EndProject
Project("{FAE04EC0-301F-11D3-BF4B-00C04F79EFBC}") = "EFCore.Web", "EFCore.Web\EFCore.Web.csproj", "{F0400C84-2FF2-40C9-A10E-AC50B371F3CB}"
EndProject
Global
	GlobalSection(SolutionConfigurationPlatforms) = preSolution
		Debug|Any CPU = Debug|Any CPU
		Release|Any CPU = Release|Any CPU
	EndGlobalSection
	GlobalSection(ProjectConfigurationPlatforms) = postSolution
		{7A373F24-D23F-41DB-8C86-3C5B09467ACD}.Debug|Any CPU.ActiveCfg = Debug|Any CPU
		{7A373F24-D23F-41DB-8C86-3C5B09467ACD}.Debug|Any CPU.Build.0 = Debug|Any CPU
		{7A373F24-D23F-41DB-8C86-3C5B09467ACD}.Release|Any CPU.ActiveCfg = Release|Any CPU
		{7A373F24-D23F-41DB-8C86-3C5B09467ACD}.Release|Any CPU.Build.0 = Release|Any CPU
		{75B6DA85-4D01-49B2-A822-8E0C4FB21AF1}.Debug|Any CPU.ActiveCfg = Debug|Any CPU
		{75B6DA85-4D01-49B2-A822-8E0C4FB21AF1}.Debug|Any CPU.Build.0 = Debug|Any CPU
		{75B6DA85-4D01-49B2-A822-8E0C4FB21AF1}.Release|Any CPU.ActiveCfg = Release|Any CPU
		{75B6DA85-4D01-49B2-A822-8E0C4FB21AF1}.Release|Any CPU.Build.0 = Release|Any CPU
		{89620DB7-0074-407E-82F8-D455F24FD584}.Debug|Any CPU.ActiveCfg = Debug|Any CPU
		{89620DB7-0074-407E-82F8-D455F24FD584}.Debug|Any CPU.Build.0 = Debug|Any CPU
		{89620DB7-0074-407E-82F8-D455F24FD584}.Release|Any CPU.ActiveCfg = Release|Any CPU
		{89620DB7-0074-407E-82F8-D455F24FD584}.Release|Any CPU.Build.0 = Release|Any CPU
		{DDF99D37-303C-4F65-B2F4-EADC6508FF80}.Debug|Any CPU.ActiveCfg = Debug|Any CPU
		{DDF99D37-303C-4F65-B2F4-EADC6508FF80}.Debug|Any CPU.Build.0 = Debug|Any CPU
		{DDF99D37-303C-4F65-B2F4-EADC6508FF80}.Release|Any CPU.ActiveCfg = Release|Any CPU
		{DDF99D37-303C-4F65-B2F4-EADC6508FF80}.Release|Any CPU.Build.0 = Release|Any CPU
		{F0400C84-2FF2-40C9-A10E-AC50B371F3CB}.Debug|Any CPU.ActiveCfg = Debug|Any CPU
		{F0400C84-2FF2-40C9-A10E-AC50B371F3CB}.Debug|Any CPU.Build.0 = Debug|Any CPU
		{F0400C84-2FF2-40C9-A10E-AC50B371F3CB}.Release|Any CPU.ActiveCfg = Release|Any CPU
		{F0400C84-2FF2-40C9-A10E-AC50B371F3CB}.Release|Any CPU.Build.0 = Release|Any CPU
	EndGlobalSection
	GlobalSection(SolutionProperties) = preSolution
		HideSolutionNode = FALSE
	EndGlobalSection
	GlobalSection(ExtensibilityGlobals) = postSolution
		SolutionGuid = {46D3C8D5-B48A-45ED-8D25-6B5611CD0C99}
	EndGlobalSection
EndGlobal
